{
	"name": "@caviajs/http-client",
	"version": "0.0.1",
	"lockfileVersion": 2,
	"requires": true,
	"packages": {
		"": {
			"name": "@caviajs/http-client",
			"version": "0.0.1",
			"license": "MIT",
			"dependencies": {
				"is-stream": "^2.0.0"
			},
			"peerDependencies": {
				"reflect-metadata": "^0.1.13"
			}
		},
		"node_modules/is-stream": {
			"version": "2.0.1",
			"resolved": "https://registry.npmjs.org/is-stream/-/is-stream-2.0.1.tgz",
			"integrity": "sha512-hFoiJiTl63nn+kstHGBtewWSKnQLpyb155KHheA1l39uvtO9nWIop1p3udqPcUd/xbF1VLMO4n7OI6p7RbngDg==",
			"engines": {
				"node": ">=8"
			},
			"funding": {
				"url": "https://github.com/sponsors/sindresorhus"
			}
		},
		"node_modules/reflect-metadata": {
			"version": "0.1.13",
			"resolved": "https://registry.npmjs.org/reflect-metadata/-/reflect-metadata-0.1.13.tgz",
			"integrity": "sha512-Ts1Y/anZELhSsjMcU605fU9RE4Oi3p5ORujwbIKXfWa+0Zxs510Qrmrce5/Jowq3cHSZSJqBjypxmHarc+vEWg==",
			"peer": true
		}
	},
	"dependencies": {
		"is-stream": {
			"version": "2.0.1",
			"resolved": "https://registry.npmjs.org/is-stream/-/is-stream-2.0.1.tgz",
			"integrity": "sha512-hFoiJiTl63nn+kstHGBtewWSKnQLpyb155KHheA1l39uvtO9nWIop1p3udqPcUd/xbF1VLMO4n7OI6p7RbngDg=="
		},
		"reflect-metadata": {
			"version": "0.1.13",
			"resolved": "https://registry.npmjs.org/reflect-metadata/-/reflect-metadata-0.1.13.tgz",
			"integrity": "sha512-Ts1Y/anZELhSsjMcU605fU9RE4Oi3p5ORujwbIKXfWa+0Zxs510Qrmrce5/Jowq3cHSZSJqBjypxmHarc+vEWg==",
			"peer": true
		}
	}
}
